
Microsoft Visual Studio Solution File, Format Version 12.00
# Visual Studio Version 16
VisualStudioVersion = 16.0.30907.101
MinimumVisualStudioVersion = 10.0.40219.1
Project("{FAE04EC0-301F-11D3-BF4B-00C04F79EFBC}") = "FeedMe", "FeedMe\FeedMe.csproj", "{7E1BC371-50A9-4BA6-9530-3AF6DB9AA226}"
EndProject
Global
	GlobalSection(SolutionConfigurationPlatforms) = preSolution
		Debug|Any CPU = Debug|Any CPU
		Release|Any CPU = Release|Any CPU
	EndGlobalSection
	GlobalSection(ProjectConfigurationPlatforms) = postSolution
		{7E1BC371-50A9-4BA6-9530-3AF6DB9AA226}.Debug|Any CPU.ActiveCfg = Debug|Any CPU
		{7E1BC371-50A9-4BA6-9530-3AF6DB9AA226}.Debug|Any CPU.Build.0 = Debug|Any CPU
		{7E1BC371-50A9-4BA6-9530-3AF6DB9AA226}.Release|Any CPU.ActiveCfg = Release|Any CPU
		{7E1BC371-50A9-4BA6-9530-3AF6DB9AA226}.Release|Any CPU.Build.0 = Release|Any CPU
	EndGlobalSection
	GlobalSection(SolutionProperties) = preSolution
		HideSolutionNode = FALSE
	EndGlobalSection
	GlobalSection(ExtensibilityGlobals) = postSolution
		SolutionGuid = {94034E31-1FF8-4494-9613-AEBD0F15F47D}
	EndGlobalSection
EndGlobal
